
Microsoft Visual Studio Solution File, Format Version 12.00
# Visual Studio 2015
Project("{FAE04EC0-301F-11D3-BF4B-00C04F79EFBC}") = "Assignment 2.CSharp", "Assignment 2.CSharp.csproj", "{E611BE34-5702-7366-633A-B972F026D37C}"
EndProject
Global
	GlobalSection(SolutionConfigurationPlatforms) = preSolution
		Debug|Any CPU = Debug|Any CPU
		Release|Any CPU = Release|Any CPU
	EndGlobalSection
	GlobalSection(ProjectConfigurationPlatforms) = postSolution
		{E611BE34-5702-7366-633A-B972F026D37C}.Debug|Any CPU.ActiveCfg = Debug|Any CPU
		{E611BE34-5702-7366-633A-B972F026D37C}.Debug|Any CPU.Build.0 = Debug|Any CPU
		{E611BE34-5702-7366-633A-B972F026D37C}.Release|Any CPU.ActiveCfg = Release|Any CPU
		{E611BE34-5702-7366-633A-B972F026D37C}.Release|Any CPU.Build.0 = Release|Any CPU
	EndGlobalSection
	GlobalSection(SolutionProperties) = preSolution
		HideSolutionNode = FALSE
	EndGlobalSection
EndGlobal
